# THIS IS AN AUTOGENERATED FILE. DO NOT EDIT THIS FILE DIRECTLY.
# yarn lockfile v1


"@bower_components/classie@desandro/classie#^1.0.1":
  version "0.0.0"
  resolved "https://codeload.github.com/desandro/classie/tar.gz/54ae6e1428964fd09f6dff9b09c03a598d5bcd6b"

"@bower_components/fastclick@ftlabs/fastclick#>=0.6.11":
  version "1.0.6"
  resolved "https://codeload.github.com/ftlabs/fastclick/tar.gz/9977a916739360ad4ffd7aa19b0016bf375e934b"

"@bower_components/foundation@zurb/bower-foundation#^5.5.3":
  version "5.5.3"
  resolved "https://codeload.github.com/zurb/bower-foundation/tar.gz/b879716aa268e1f88fe43de98db2db4487af00ca"

"@bower_components/jquery-placeholder@mathiasbynens/jquery-placeholder#~2.0.7":
  version "0.0.0"
  resolved "https://codeload.github.com/mathiasbynens/jquery-placeholder/tar.gz/510a577397713934b46ccaceaa7ecc558cff313a"

"@bower_components/jquery.cookie@carhartl/jquery-cookie#~1.4.0":
  version "1.4.1"
  resolved "https://codeload.github.com/carhartl/jquery-cookie/tar.gz/7f88a4e631aba8a8c688fd8999ce6b9bcfd50718"

"@bower_components/jquery@jquery/jquery-dist#>= 2.1.0":
  version "3.7.0"
  resolved "https://codeload.github.com/jquery/jquery-dist/tar.gz/b755b3e9ab895aed7f409ec48a1349f5b185f55f"

"@bower_components/lazysizes@aFarkas/lazysizes#^5.3.1":
  version "5.3.1"
  resolved "https://codeload.github.com/aFarkas/lazysizes/tar.gz/81cf774c6a7f4d8f7f3909e225a65d8acb10cb20"
  dependencies:
    typescript "^4.1.5"

"@bower_components/modernizr@Modernizr/Modernizr#2.8.3":
  version "0.0.0"
  resolved "https://codeload.github.com/Modernizr/Modernizr/tar.gz/d6bb30c0f12ebb3ddd01e90b0bf435e1c34e6f11"

"@bower_components/respimage@aFarkas/respimage#^1.4.2":
  version "1.4.2"
  resolved "https://codeload.github.com/aFarkas/respimage/tar.gz/a07a74bd426ea22800e3e3d754aef1779fe75a07"

"@bower_components/salvattore@bandd/salvattore#^1.0.9":
  version "1.0.9"
  resolved "https://codeload.github.com/bandd/salvattore/tar.gz/12d858fb1aaf9f6551a941fbe376040e4c6053fe"

typescript@^4.1.5:
  version "4.9.5"
  resolved "https://registry.yarnpkg.com/typescript/-/typescript-4.9.5.tgz#095979f9bcc0d09da324d58d03ce8f8374cbe65a"
  integrity sha512-1FXk9E2Hm+QzZQ7z+McJiHL4NW1F2EzMu9Nq9i3zAaGqibafqYwCVU6WyWAuyQRRzOlxou8xZSyXLEN8oKj24g==
